PODS:
  - Capacitor (8.0.2):
    - CapacitorCordova
  - CapacitorApp (8.0.0):
    - Capacitor
  - CapacitorCamera (8.0.0):
    - Capacitor
  - CapacitorCommunityFileOpener (7.0.1):
    - Capacitor
  - CapacitorCordova (8.0.2)
  - CapacitorFilesystem (8.1.0):
    - Capacitor
    - IONFilesystemLib (~> 1.1.0)
  - CapacitorPluginScanbotSdk (8.0.0-rc.4):
    - Capacitor
    - ScanbotSDKNativeWrapper (= 8.0.2.1)
  - CapacitorStatusBar (8.0.0):
    - Capacitor
  - CapawesomeCapacitorFilePicker (7.0.1):
    - Capacitor
  - IONFilesystemLib (1.1.0)
  - ScanbotSDK (8.0.2):
    - ScanbotSDK/NONE (= 8.0.2)
  - ScanbotSDK/NONE (8.0.2)
  - ScanbotSDKNativeWrapper (8.0.2.1):
    - ScanbotSDK (= 8.0.2)

DEPENDENCIES:
  - "Capacitor (from `../../node_modules/@capacitor/ios`)"
  - "CapacitorApp (from `../../node_modules/@capacitor/app`)"
  - "CapacitorCamera (from `../../node_modules/@capacitor/camera`)"
  - "CapacitorCommunityFileOpener (from `../../node_modules/@capacitor-community/file-opener`)"
  - "CapacitorCordova (from `../../node_modules/@capacitor/ios`)"
  - "CapacitorFilesystem (from `../../node_modules/@capacitor/filesystem`)"
  - CapacitorPluginScanbotSdk (from `../../node_modules/capacitor-plugin-scanbot-sdk`)
  - "CapacitorStatusBar (from `../../node_modules/@capacitor/status-bar`)"
  - "CapawesomeCapacitorFilePicker (from `../../node_modules/@capawesome/capacitor-file-picker`)"

SPEC REPOS:
  trunk:
    - IONFilesystemLib
    - ScanbotSDK
    - ScanbotSDKNativeWrapper

EXTERNAL SOURCES:
  Capacitor:
    :path: "../../node_modules/@capacitor/ios"
  CapacitorApp:
    :path: "../../node_modules/@capacitor/app"
  CapacitorCamera:
    :path: "../../node_modules/@capacitor/camera"
  CapacitorCommunityFileOpener:
    :path: "../../node_modules/@capacitor-community/file-opener"
  CapacitorCordova:
    :path: "../../node_modules/@capacitor/ios"
  CapacitorFilesystem:
    :path: "../../node_modules/@capacitor/filesystem"
  CapacitorPluginScanbotSdk:
    :path: "../../node_modules/capacitor-plugin-scanbot-sdk"
  CapacitorStatusBar:
    :path: "../../node_modules/@capacitor/status-bar"
  CapawesomeCapacitorFilePicker:
    :path: "../../node_modules/@capawesome/capacitor-file-picker"

SPEC CHECKSUMS:
  Capacitor: cfc1ce4a70dbc19fdc4e66e17808937088029752
  CapacitorApp: cfa0120a1f3a6f69d4d37d3041782aa5c5167d0b
  CapacitorCamera: 05ac5bd4499ed4b8cf5358d1b4a874b385de7b4d
  CapacitorCommunityFileOpener: 9611c9d1595de7b50571717d443bb718a304b5eb
  CapacitorCordova: 921bdb690ebe82421b24fce45552fd3dea2ae43a
  CapacitorFilesystem: 57c128a5ea9875aa7bb54eb7431e63d7721bedd4
  CapacitorPluginScanbotSdk: 7fb45f77f9d78c7600d3c4785fc6ca4e327c531e
  CapacitorStatusBar: c6fa2d404083e41d145ea56698707a6986d4428b
  CapawesomeCapacitorFilePicker: 6673764afb8768eba0197876e222adc19fd4c120
  IONFilesystemLib: 50b9a0f3052a9b40b9bedb43f328a8fe222f9f87
  ScanbotSDK: 63f47408395b9ef3e59913ffdb279b5992ca4104
  ScanbotSDKNativeWrapper: d0f3a78d877eb3f3459a56bc04dcede945a45352

PODFILE CHECKSUM: a08afb9254933e0858671afe9f32b9eb074d2e41

COCOAPODS: 1.14.3
