PODS:
  - Capacitor (7.2.0):
    - CapacitorCordova
  - CapacitorApp (7.0.1):
    - Capacitor
  - CapacitorCamera (7.0.1):
    - Capacitor
  - CapacitorCommunityFileOpener (7.0.1):
    - Capacitor
  - CapacitorCordova (7.2.0)
  - CapacitorFilesystem (7.0.1):
    - Capacitor
  - CapacitorPluginScanbotSdk (7.1.1):
    - Capacitor
    - ScanbotSDKNativeWrapper (= 7.1.4.0)
  - CapacitorStatusBar (7.0.2):
    - Capacitor
  - CapawesomeCapacitorFilePicker (7.0.1):
    - Capacitor
  - ScanbotSDK (7.1.4):
    - ScanbotSDK/NONE (= 7.1.4)
  - ScanbotSDK/NONE (7.1.4)
  - ScanbotSDKNativeWrapper (7.1.4.0):
    - ScanbotSDK (= 7.1.4)

DEPENDENCIES:
  - "Capacitor (from `../../node_modules/@capacitor/ios`)"
  - "CapacitorApp (from `../../node_modules/@capacitor/app`)"
  - "CapacitorCamera (from `../../node_modules/@capacitor/camera`)"
  - "CapacitorCommunityFileOpener (from `../../node_modules/@capacitor-community/file-opener`)"
  - "CapacitorCordova (from `../../node_modules/@capacitor/ios`)"
  - "CapacitorFilesystem (from `../../node_modules/@capacitor/filesystem`)"
  - CapacitorPluginScanbotSdk (from `../../node_modules/capacitor-plugin-scanbot-sdk`)
  - "CapacitorStatusBar (from `../../node_modules/@capacitor/status-bar`)"
  - "CapawesomeCapacitorFilePicker (from `../../node_modules/@capawesome/capacitor-file-picker`)"

SPEC REPOS:
  trunk:
    - ScanbotSDK
    - ScanbotSDKNativeWrapper

EXTERNAL SOURCES:
  Capacitor:
    :path: "../../node_modules/@capacitor/ios"
  CapacitorApp:
    :path: "../../node_modules/@capacitor/app"
  CapacitorCamera:
    :path: "../../node_modules/@capacitor/camera"
  CapacitorCommunityFileOpener:
    :path: "../../node_modules/@capacitor-community/file-opener"
  CapacitorCordova:
    :path: "../../node_modules/@capacitor/ios"
  CapacitorFilesystem:
    :path: "../../node_modules/@capacitor/filesystem"
  CapacitorPluginScanbotSdk:
    :path: "../../node_modules/capacitor-plugin-scanbot-sdk"
  CapacitorStatusBar:
    :path: "../../node_modules/@capacitor/status-bar"
  CapawesomeCapacitorFilePicker:
    :path: "../../node_modules/@capawesome/capacitor-file-picker"

SPEC CHECKSUMS:
  Capacitor: 106e7a4205f4618d582b886a975657c61179138d
  CapacitorApp: d63334c052278caf5d81585d80b21905c6f93f39
  CapacitorCamera: eb8687d8687fed853598ec9460d94bcd5e16babe
  CapacitorCommunityFileOpener: 9611c9d1595de7b50571717d443bb718a304b5eb
  CapacitorCordova: 5967b9ba03915ef1d585469d6e31f31dc49be96f
  CapacitorFilesystem: 307f97c27a265edf8396a1c9c235592fd8572fe3
  CapacitorPluginScanbotSdk: 21bef27af203ccaf0b489c22ce1129c418ae0425
  CapacitorStatusBar: 5526833b87fa9c96a2a90c1322bb1f663c04505f
  CapawesomeCapacitorFilePicker: 6673764afb8768eba0197876e222adc19fd4c120
  ScanbotSDK: 8fa0da4759e7da6be77e1bc6eea8f60eb5651b28
  ScanbotSDKNativeWrapper: 29e6d42aece7cef0a3cde93cc60c493b0a524139

PODFILE CHECKSUM: aa909a328226ff0279fd469a14f50a126136af2d

COCOAPODS: 1.14.3
