{
  "originHash" : "f9bda84e7fa2e7e343c49ca364e499c1fb71968244152c3426a508b93d44fe07",
  "pins" : [
    {
      "identity" : "capacitor-swift-pm",
      "kind" : "remoteSourceControl",
      "location" : "https://github.com/ionic-team/capacitor-swift-pm.git",
      "state" : {
        "revision" : "f1a8fadf1437c23b825c818fb6509c9dbbae2f61",
        "version" : "8.3.1"
      }
    },
    {
      "identity" : "ion-ios-camera",
      "kind" : "remoteSourceControl",
      "location" : "https://github.com/ionic-team/ion-ios-camera.git",
      "state" : {
        "revision" : "2cd4f06b0ece21b6458e23357280c51f94bfceb8",
        "version" : "1.0.4"
      }
    },
    {
      "identity" : "ion-ios-filesystem",
      "kind" : "remoteSourceControl",
      "location" : "https://github.com/ionic-team/ion-ios-filesystem.git",
      "state" : {
        "revision" : "0d81e26e828ff9582807e2339112cedf2e0fab85",
        "version" : "1.1.2"
      }
    },
    {
      "identity" : "scanbot-sdk-native-wrapper-spm",
      "kind" : "remoteSourceControl",
      "location" : "https://github.com/doo/scanbot-sdk-native-wrapper-spm.git",
      "state" : {
        "revision" : "81b28b5af911087b101b280c3523df4981910e3d",
        "version" : "9.0.0"
      }
    }
  ],
  "version" : 3
}
